
Microsoft Visual Studio Solution File, Format Version 12.00
# Visual Studio Version 16
VisualStudioVersion = 16.0.30002.166
MinimumVisualStudioVersion = 10.0.40219.1
Project("{FAE04EC0-301F-11D3-BF4B-00C04F79EFBC}") = "SERIAL PORT", "SERIAL PORT\SERIAL PORT.csproj", "{57CAF2D0-861B-43FD-AA9C-E4ECEA4C6487}"
EndProject
Global
	GlobalSection(SolutionConfigurationPlatforms) = preSolution
		Debug|Any CPU = Debug|Any CPU
		Release|Any CPU = Release|Any CPU
	EndGlobalSection
	GlobalSection(ProjectConfigurationPlatforms) = postSolution
		{57CAF2D0-861B-43FD-AA9C-E4ECEA4C6487}.Debug|Any CPU.ActiveCfg = Debug|Any CPU
		{57CAF2D0-861B-43FD-AA9C-E4ECEA4C6487}.Debug|Any CPU.Build.0 = Debug|Any CPU
		{57CAF2D0-861B-43FD-AA9C-E4ECEA4C6487}.Release|Any CPU.ActiveCfg = Release|Any CPU
		{57CAF2D0-861B-43FD-AA9C-E4ECEA4C6487}.Release|Any CPU.Build.0 = Release|Any CPU
	EndGlobalSection
	GlobalSection(SolutionProperties) = preSolution
		HideSolutionNode = FALSE
	EndGlobalSection
	GlobalSection(ExtensibilityGlobals) = postSolution
		SolutionGuid = {5E598878-AFBB-483E-92A5-011D49FC56D9}
	EndGlobalSection
EndGlobal
